
Microsoft Visual Studio Solution File, Format Version 12.00
# Visual Studio 15
VisualStudioVersion = 15.0.27130.2010
MinimumVisualStudioVersion = 10.0.40219.1
Project("{FAE04EC0-301F-11D3-BF4B-00C04F79EFBC}") = "Haulover", "Haulover\Haulover.csproj", "{32C02B65-107D-4FD0-B16F-42674BCCF655}"
EndProject
Global
	GlobalSection(SolutionConfigurationPlatforms) = preSolution
		Debug|Any CPU = Debug|Any CPU
		Release|Any CPU = Release|Any CPU
	EndGlobalSection
	GlobalSection(ProjectConfigurationPlatforms) = postSolution
		{32C02B65-107D-4FD0-B16F-42674BCCF655}.Debug|Any CPU.ActiveCfg = Debug|Any CPU
		{32C02B65-107D-4FD0-B16F-42674BCCF655}.Debug|Any CPU.Build.0 = Debug|Any CPU
		{32C02B65-107D-4FD0-B16F-42674BCCF655}.Release|Any CPU.ActiveCfg = Release|Any CPU
		{32C02B65-107D-4FD0-B16F-42674BCCF655}.Release|Any CPU.Build.0 = Release|Any CPU
	EndGlobalSection
	GlobalSection(SolutionProperties) = preSolution
		HideSolutionNode = FALSE
	EndGlobalSection
	GlobalSection(ExtensibilityGlobals) = postSolution
		SolutionGuid = {A5756F1B-5174-4756-A788-FA54A5B78CE0}
	EndGlobalSection
EndGlobal
